PODS:
  - AltHanekeSwift (0.21.0)
  - HanekeObjc (0.26.0):
    - AltHanekeSwift (>= 0.21.0)

DEPENDENCIES:
  - HanekeObjc (from `../`)

SPEC REPOS:
  https://github.com/cocoapods/specs.git:
    - AltHanekeSwift

EXTERNAL SOURCES:
  HanekeObjc:
    :path: "../"

SPEC CHECKSUMS:
  AltHanekeSwift: 9f784d081cc261f7f43357cbf02667961657b65c
  HanekeObjc: 1aa49408f93477cbcbd08d46d05bcf093baf2622

PODFILE CHECKSUM: 71e4812c82d109ddf3b915bf4bd9df4bc9140848

COCOAPODS: 1.6.1
