PODS:
  - AltHanekeSwift (0.12.0)
  - HanekeObjc (0.14.0):
    - AltHanekeSwift
  - Nimble (4.0.1)
  - Quick (0.9.3)

DEPENDENCIES:
  - HanekeObjc (from `../`)
  - Nimble (~> 4.0.0)
  - Quick (~> 0.9.0)

EXTERNAL SOURCES:
  HanekeObjc:
    :path: "../"

SPEC CHECKSUMS:
  AltHanekeSwift: 2ddbad6cbe35f3b19343163a06ee2c36e285229b
  HanekeObjc: 02ea44876e51ba1333db43e26ad41d9c763425a8
  Nimble: 0f3c8b8b084cda391209c3c5efbb48bedeeb920a
  Quick: 13a2a2b19a5d8e3ed4fd0c36ee46597fd77ebf71

PODFILE CHECKSUM: 3fb3e730d5876774693198f1865c07786ed191d0

COCOAPODS: 1.0.1
