PODS:
  - AltHanekeSwift (0.10.10)
  - HanekeObjc (0.12.0):
    - AltHanekeSwift
  - Nimble (4.0.1)
  - Quick (0.9.3)

DEPENDENCIES:
  - HanekeObjc (from `../`)
  - Nimble (~> 4.0.0)
  - Quick (~> 0.9.0)

EXTERNAL SOURCES:
  HanekeObjc:
    :path: "../"

SPEC CHECKSUMS:
  AltHanekeSwift: 2e7770c1fdc29de812f8c0d143947d29e24dcaed
  HanekeObjc: 6323ae76a68e8802af0ff1c7b12a030e6075549d
  Nimble: 0f3c8b8b084cda391209c3c5efbb48bedeeb920a
  Quick: 13a2a2b19a5d8e3ed4fd0c36ee46597fd77ebf71

PODFILE CHECKSUM: 3fb3e730d5876774693198f1865c07786ed191d0

COCOAPODS: 1.0.1
